{
  "name": "intranet",
  "version": "0.1.0",
  "lockfileVersion": 1,
  "requires": true,
  "dependencies": {
    "@citizensadvice/design-system": {
      "version": "1.9.3",
      "resolved": "https://registry.npmjs.org/@citizensadvice/design-system/-/design-system-1.9.3.tgz",
      "integrity": "sha512-4kx5jlgnnqi8w/100XvW6mv0k9w9TYFGFG3I33N7xlHDMik1tqtufc2WF/X/jDfPEAR+BLTGfGtXWyNUd2Qquw=="
    }
  }
}
